{
  "name": "immer",
  "lockfileVersion": 2,
  "requires": true,
  "packages": {
    "": {
      "dependencies": {
        "pnpm": "^8.10.3"
      }
    },
    "node_modules/pnpm": {
      "version": "8.10.3",
      "resolved": "https://registry.npmjs.org/pnpm/-/pnpm-8.10.3.tgz",
      "integrity": "sha512-1952Dqr41NA/lzmkYr4L43mHQmDhG8QjuVFu8G6XVCguiEgELzMX2TRAo1vX5NWO6w0eSphyc0fow/o6DDgTFA==",
      "bin": {
        "pnpm": "bin/pnpm.cjs",
        "pnpx": "bin/pnpx.cjs"
      },
      "engines": {
        "node": ">=16.14"
      },
      "funding": {
        "url": "https://opencollective.com/pnpm"
      }
    }
  },
  "dependencies": {
    "pnpm": {
      "version": "8.10.3",
      "resolved": "https://registry.npmjs.org/pnpm/-/pnpm-8.10.3.tgz",
      "integrity": "sha512-1952Dqr41NA/lzmkYr4L43mHQmDhG8QjuVFu8G6XVCguiEgELzMX2TRAo1vX5NWO6w0eSphyc0fow/o6DDgTFA=="
    }
  }
}
